
Microsoft Visual Studio Solution File, Format Version 12.00
# Visual Studio Version 16
VisualStudioVersion = 16.0.29102.190
MinimumVisualStudioVersion = 10.0.40219.1
Project("{FAE04EC0-301F-11D3-BF4B-00C04F79EFBC}") = "new_chart_delections", "new_chart_delections\new_chart_delections.csproj", "{94ED28BA-29F5-4EAB-BCEE-6F776AA65045}"
EndProject
Project("{FAE04EC0-301F-11D3-BF4B-00C04F79EFBC}") = "ConsoleApp1", "ConsoleApp1\ConsoleApp1.csproj", "{A5EAB19E-D90F-46D3-A2B2-CD09BEE6C54E}"
EndProject
Project("{54435603-DBB4-11D2-8724-00A0C9A8B90C}") = "Setup1", "Setup1\Setup1.vdproj", "{B7295932-D1C4-4DA1-A25F-F2D217E5CEA9}"
EndProject
Global
	GlobalSection(SolutionConfigurationPlatforms) = preSolution
		Debug|Any CPU = Debug|Any CPU
		Release|Any CPU = Release|Any CPU
	EndGlobalSection
	GlobalSection(ProjectConfigurationPlatforms) = postSolution
		{94ED28BA-29F5-4EAB-BCEE-6F776AA65045}.Debug|Any CPU.ActiveCfg = Debug|Any CPU
		{94ED28BA-29F5-4EAB-BCEE-6F776AA65045}.Debug|Any CPU.Build.0 = Debug|Any CPU
		{94ED28BA-29F5-4EAB-BCEE-6F776AA65045}.Release|Any CPU.ActiveCfg = Release|Any CPU
		{94ED28BA-29F5-4EAB-BCEE-6F776AA65045}.Release|Any CPU.Build.0 = Release|Any CPU
		{A5EAB19E-D90F-46D3-A2B2-CD09BEE6C54E}.Debug|Any CPU.ActiveCfg = Debug|Any CPU
		{A5EAB19E-D90F-46D3-A2B2-CD09BEE6C54E}.Debug|Any CPU.Build.0 = Debug|Any CPU
		{A5EAB19E-D90F-46D3-A2B2-CD09BEE6C54E}.Release|Any CPU.ActiveCfg = Release|Any CPU
		{A5EAB19E-D90F-46D3-A2B2-CD09BEE6C54E}.Release|Any CPU.Build.0 = Release|Any CPU
		{B7295932-D1C4-4DA1-A25F-F2D217E5CEA9}.Debug|Any CPU.ActiveCfg = Debug
		{B7295932-D1C4-4DA1-A25F-F2D217E5CEA9}.Release|Any CPU.ActiveCfg = Release
	EndGlobalSection
	GlobalSection(SolutionProperties) = preSolution
		HideSolutionNode = FALSE
	EndGlobalSection
	GlobalSection(ExtensibilityGlobals) = postSolution
		SolutionGuid = {1DE2505D-E4CD-4AEA-BCA4-50FAB41829E0}
	EndGlobalSection
EndGlobal
