
Microsoft Visual Studio Solution File, Format Version 9.00
# Visual C# Express 2005
Project("{FAE04EC0-301F-11D3-BF4B-00C04F79EFBC}") = "GettingStarted1", "GettingStarted1\GettingStarted1.csproj", "{F918233F-25C2-4FA3-AE9E-DD53D94D2ABB}"
EndProject
Global
	GlobalSection(SolutionConfigurationPlatforms) = preSolution
		Debug|Any CPU = Debug|Any CPU
		Release|Any CPU = Release|Any CPU
	EndGlobalSection
	GlobalSection(ProjectConfigurationPlatforms) = postSolution
		{F918233F-25C2-4FA3-AE9E-DD53D94D2ABB}.Debug|Any CPU.ActiveCfg = Debug|Any CPU
		{F918233F-25C2-4FA3-AE9E-DD53D94D2ABB}.Debug|Any CPU.Build.0 = Debug|Any CPU
		{F918233F-25C2-4FA3-AE9E-DD53D94D2ABB}.Release|Any CPU.ActiveCfg = Release|Any CPU
		{F918233F-25C2-4FA3-AE9E-DD53D94D2ABB}.Release|Any CPU.Build.0 = Release|Any CPU
	EndGlobalSection
	GlobalSection(SolutionProperties) = preSolution
		HideSolutionNode = FALSE
	EndGlobalSection
EndGlobal
